[root]
name = "sereal_encoder"
version = "0.1.0"

[[package]]
name = "byteorder"
version = "1.0.0"
source = "registry+https://github.com/rust-lang/crates.io-index"

[[package]]
name = "flate2"
version = "0.2.19"
source = "registry+https://github.com/rust-lang/crates.io-index"
dependencies = [
 "libc 0.2.21 (registry+https://github.com/rust-lang/crates.io-index)",
 "miniz-sys 0.1.9 (registry+https://github.com/rust-lang/crates.io-index)",
]

[[package]]
name = "gcc"
version = "0.3.45"
source = "registry+https://github.com/rust-lang/crates.io-index"

[[package]]
name = "glob"
version = "0.2.11"
source = "registry+https://github.com/rust-lang/crates.io-index"

[[package]]
name = "lazy_static"
version = "0.2.8"
source = "registry+https://github.com/rust-lang/crates.io-index"

[[package]]
name = "libc"
version = "0.2.21"
source = "registry+https://github.com/rust-lang/crates.io-index"

[[package]]
name = "miniz-sys"
version = "0.1.9"
source = "registry+https://github.com/rust-lang/crates.io-index"
dependencies = [
 "gcc 0.3.45 (registry+https://github.com/rust-lang/crates.io-index)",
 "libc 0.2.21 (registry+https://github.com/rust-lang/crates.io-index)",
]

[[package]]
name = "sereal_common"
version = "0.1.0"

[[package]]
name = "sereal_decoder"
version = "0.1.0"
dependencies = [
 "byteorder 1.0.0 (registry+https://github.com/rust-lang/crates.io-index)",
 "flate2 0.2.19 (registry+https://github.com/rust-lang/crates.io-index)",
 "sereal_common 0.1.0",
 "snap 0.2.1 (registry+https://github.com/rust-lang/crates.io-index)",
 "typed-arena 1.2.0 (registry+https://github.com/rust-lang/crates.io-index)",
 "zstd 0.4.7 (registry+https://github.com/rust-lang/crates.io-index)",
]

[[package]]
name = "snap"
version = "0.2.1"
source = "registry+https://github.com/rust-lang/crates.io-index"
dependencies = [
 "byteorder 1.0.0 (registry+https://github.com/rust-lang/crates.io-index)",
 "lazy_static 0.2.8 (registry+https://github.com/rust-lang/crates.io-index)",
]

[[package]]
name = "typed-arena"
version = "1.2.0"
source = "registry+https://github.com/rust-lang/crates.io-index"

[[package]]
name = "zstd"
version = "0.4.7"
source = "registry+https://github.com/rust-lang/crates.io-index"
dependencies = [
 "libc 0.2.21 (registry+https://github.com/rust-lang/crates.io-index)",
 "zstd-sys 1.1.5-a (registry+https://github.com/rust-lang/crates.io-index)",
]

[[package]]
name = "zstd-sys"
version = "1.1.5-a"
source = "registry+https://github.com/rust-lang/crates.io-index"
dependencies = [
 "gcc 0.3.45 (registry+https://github.com/rust-lang/crates.io-index)",
 "glob 0.2.11 (registry+https://github.com/rust-lang/crates.io-index)",
 "libc 0.2.21 (registry+https://github.com/rust-lang/crates.io-index)",
]

[metadata]
"checksum byteorder 1.0.0 (registry+https://github.com/rust-lang/crates.io-index)" = "c40977b0ee6b9885c9013cd41d9feffdd22deb3bb4dc3a71d901cc7a77de18c8"
"checksum flate2 0.2.19 (registry+https://github.com/rust-lang/crates.io-index)" = "36df0166e856739905cd3d7e0b210fe818592211a008862599845e012d8d304c"
"checksum gcc 0.3.45 (registry+https://github.com/rust-lang/crates.io-index)" = "40899336fb50db0c78710f53e87afc54d8c7266fb76262fecc78ca1a7f09deae"
"checksum glob 0.2.11 (registry+https://github.com/rust-lang/crates.io-index)" = "8be18de09a56b60ed0edf84bc9df007e30040691af7acd1c41874faac5895bfb"
"checksum lazy_static 0.2.8 (registry+https://github.com/rust-lang/crates.io-index)" = "3b37545ab726dd833ec6420aaba8231c5b320814b9029ad585555d2a03e94fbf"
"checksum libc 0.2.21 (registry+https://github.com/rust-lang/crates.io-index)" = "88ee81885f9f04bff991e306fea7c1c60a5f0f9e409e99f6b40e3311a3363135"
"checksum miniz-sys 0.1.9 (registry+https://github.com/rust-lang/crates.io-index)" = "28eaee17666671fa872e567547e8428e83308ebe5808cdf6a0e28397dbe2c726"
"checksum snap 0.2.1 (registry+https://github.com/rust-lang/crates.io-index)" = "25c978e9e02e5951111d84a39660a521b5084d008cf92f3e040bb3dac5d7b631"
"checksum typed-arena 1.2.0 (registry+https://github.com/rust-lang/crates.io-index)" = "8e2f9dc90da4f9d66ffc9ad3ead2c7d57582a26f4a3292d2ce7011bd29965100"
"checksum zstd 0.4.7 (registry+https://github.com/rust-lang/crates.io-index)" = "7763a1280901a6eb92a366101555f69c88e1d815c7451fcbe72efd0dbfd68332"
"checksum zstd-sys 1.1.5-a (registry+https://github.com/rust-lang/crates.io-index)" = "4a8f78f3ab67fe21656286ed3f5167ddd37fae86953fb118b4d491393f881474"
